
Microsoft Visual Studio Solution File, Format Version 12.00
# Visual Studio 14
VisualStudioVersion = 14.0.25420.1
MinimumVisualStudioVersion = 10.0.40219.1
Project("{FAE04EC0-301F-11D3-BF4B-00C04F79EFBC}") = "YouTown", "YouTown\YouTown.csproj", "{C94A513B-EA41-484A-AAAF-BA1FA3CA5C3A}"
EndProject
Project("{FAE04EC0-301F-11D3-BF4B-00C04F79EFBC}") = "YouTown.UnitTest", "YouTown.UnitTest\YouTown.UnitTest.csproj", "{CC2A0491-B01F-4BCE-8B6A-7E52E211595A}"
EndProject
Project("{FAE04EC0-301F-11D3-BF4B-00C04F79EFBC}") = "YouTown.PlainTextUI", "YouTown.PlainTextUI\YouTown.PlainTextUI.csproj", "{6DCF80BA-E28A-4824-B5D7-A4358CCA6C57}"
EndProject
Global
	GlobalSection(SolutionConfigurationPlatforms) = preSolution
		Debug|Any CPU = Debug|Any CPU
		Release|Any CPU = Release|Any CPU
	EndGlobalSection
	GlobalSection(ProjectConfigurationPlatforms) = postSolution
		{C94A513B-EA41-484A-AAAF-BA1FA3CA5C3A}.Debug|Any CPU.ActiveCfg = Debug|Any CPU
		{C94A513B-EA41-484A-AAAF-BA1FA3CA5C3A}.Debug|Any CPU.Build.0 = Debug|Any CPU
		{C94A513B-EA41-484A-AAAF-BA1FA3CA5C3A}.Release|Any CPU.ActiveCfg = Release|Any CPU
		{C94A513B-EA41-484A-AAAF-BA1FA3CA5C3A}.Release|Any CPU.Build.0 = Release|Any CPU
		{CC2A0491-B01F-4BCE-8B6A-7E52E211595A}.Debug|Any CPU.ActiveCfg = Debug|Any CPU
		{CC2A0491-B01F-4BCE-8B6A-7E52E211595A}.Debug|Any CPU.Build.0 = Debug|Any CPU
		{CC2A0491-B01F-4BCE-8B6A-7E52E211595A}.Release|Any CPU.ActiveCfg = Release|Any CPU
		{CC2A0491-B01F-4BCE-8B6A-7E52E211595A}.Release|Any CPU.Build.0 = Release|Any CPU
		{6DCF80BA-E28A-4824-B5D7-A4358CCA6C57}.Debug|Any CPU.ActiveCfg = Debug|Any CPU
		{6DCF80BA-E28A-4824-B5D7-A4358CCA6C57}.Debug|Any CPU.Build.0 = Debug|Any CPU
		{6DCF80BA-E28A-4824-B5D7-A4358CCA6C57}.Release|Any CPU.ActiveCfg = Release|Any CPU
		{6DCF80BA-E28A-4824-B5D7-A4358CCA6C57}.Release|Any CPU.Build.0 = Release|Any CPU
	EndGlobalSection
	GlobalSection(SolutionProperties) = preSolution
		HideSolutionNode = FALSE
	EndGlobalSection
EndGlobal
